
Microsoft Visual Studio Solution File, Format Version 12.00
# Visual Studio 2012
Project("{FAE04EC0-301F-11D3-BF4B-00C04F79EFBC}") = "BostonDevelopment", "BostonDevelopment\BostonDevelopment.csproj", "{28532C70-D8B5-4207-B85C-83BC6E3745BE}"
EndProject
Global
	GlobalSection(SolutionConfigurationPlatforms) = preSolution
		Debug|Any CPU = Debug|Any CPU
		Release|Any CPU = Release|Any CPU
	EndGlobalSection
	GlobalSection(ProjectConfigurationPlatforms) = postSolution
		{28532C70-D8B5-4207-B85C-83BC6E3745BE}.Debug|Any CPU.ActiveCfg = Debug|Any CPU
		{28532C70-D8B5-4207-B85C-83BC6E3745BE}.Debug|Any CPU.Build.0 = Debug|Any CPU
		{28532C70-D8B5-4207-B85C-83BC6E3745BE}.Release|Any CPU.ActiveCfg = Release|Any CPU
		{28532C70-D8B5-4207-B85C-83BC6E3745BE}.Release|Any CPU.Build.0 = Release|Any CPU
	EndGlobalSection
EndGlobal
